{
  "name": "challenge10",
  "version": "1.0.0",
  "lockfileVersion": 3,
  "requires": true,
  "packages": {
    "": {
      "name": "challenge10",
      "version": "1.0.0",
      "license": "AGPL-version-3.0",
      "dependencies": {
        "dotenv": "^16.4.5",
        "inquirer": "^10.1.8",
        "pg": "^8.12.0"
      },
      "devDependencies": {
        "@types/pg": "^8.11.6"
      },
      "engines": {
        "node": ">= 14.0.0",
        "npm": ">= 6.0.0"
      }
    },
    "node_modules/@inquirer/checkbox": {
      "version": "2.4.7",
      "resolved": "https://registry.npmjs.org/@inquirer/checkbox/-/checkbox-2.4.7.tgz",
      "integrity": "sha512-5YwCySyV1UEgqzz34gNsC38eKxRBtlRDpJLlKcRtTjlYA/yDKuc1rfw+hjw+2WJxbAZtaDPsRl5Zk7J14SBoBw==",
      "dependencies": {
        "@inquirer/core": "^9.0.10",
        "@inquirer/figures": "^1.0.5",
        "@inquirer/type": "^1.5.2",
        "ansi-escapes": "^4.3.2",
        "yoctocolors-cjs": "^2.1.2"
      },
      "engines": {
        "node": ">=18"
      }
    },
    "node_modules/@inquirer/confirm": {
      "version": "3.1.22",
      "resolved": "https://registry.npmjs.org/@inquirer/confirm/-/confirm-3.1.22.tgz",
      "integrity": "sha512-gsAKIOWBm2Q87CDfs9fEo7wJT3fwWIJfnDGMn9Qy74gBnNFOACDNfhUzovubbJjWnKLGBln7/NcSmZwj5DuEXg==",
      "dependencies": {
        "@inquirer/core": "^9.0.10",
        "@inquirer/type": "^1.5.2"
      },
      "engines": {
        "node": ">=18"
      }
    },
    "node_modules/@inquirer/core": {
      "version": "9.0.10",
      "resolved": "https://registry.npmjs.org/@inquirer/core/-/core-9.0.10.tgz",
      "integrity": "sha512-TdESOKSVwf6+YWDz8GhS6nKscwzkIyakEzCLJ5Vh6O3Co2ClhCJ0A4MG909MUWfaWdpJm7DE45ii51/2Kat9tA==",
      "dependencies": {
        "@inquirer/figures": "^1.0.5",
        "@inquirer/type": "^1.5.2",
        "@types/mute-stream": "^0.0.4",
        "@types/node": "^22.1.0",
        "@types/wrap-ansi": "^3.0.0",
        "ansi-escapes": "^4.3.2",
        "cli-spinners": "^2.9.2",
        "cli-width": "^4.1.0",
        "mute-stream": "^1.0.0",
        "signal-exit": "^4.1.0",
        "strip-ansi": "^6.0.1",
        "wrap-ansi": "^6.2.0",
        "yoctocolors-cjs": "^2.1.2"
      },
      "engines": {
        "node": ">=18"
      }
    },
    "node_modules/@inquirer/editor": {
      "version": "2.1.22",
      "resolved": "https://registry.npmjs.org/@inquirer/editor/-/editor-2.1.22.tgz",
      "integrity": "sha512-K1QwTu7GCK+nKOVRBp5HY9jt3DXOfPGPr6WRDrPImkcJRelG9UTx2cAtK1liXmibRrzJlTWOwqgWT3k2XnS62w==",
      "dependencies": {
        "@inquirer/core": "^9.0.10",
        "@inquirer/type": "^1.5.2",
        "external-editor": "^3.1.0"
      },
      "engines": {
        "node": ">=18"
      }
    },
    "node_modules/@inquirer/expand": {
      "version": "2.1.22",
      "resolved": "https://registry.npmjs.org/@inquirer/expand/-/expand-2.1.22.tgz",
      "integrity": "sha512-wTZOBkzH+ItPuZ3ZPa9lynBsdMp6kQ9zbjVPYEtSBG7UulGjg2kQiAnUjgyG4SlntpTce5bOmXAPvE4sguXjpA==",
      "dependencies": {
        "@inquirer/core": "^9.0.10",
        "@inquirer/type": "^1.5.2",
        "yoctocolors-cjs": "^2.1.2"
      },
      "engines": {
        "node": ">=18"
      }
    },
    "node_modules/@inquirer/figures": {
      "version": "1.0.5",
      "resolved": "https://registry.npmjs.org/@inquirer/figures/-/figures-1.0.5.tgz",
      "integrity": "sha512-79hP/VWdZ2UVc9bFGJnoQ/lQMpL74mGgzSYX1xUqCVk7/v73vJCMw1VuyWN1jGkZ9B3z7THAbySqGbCNefcjfA==",
      "engines": {
        "node": ">=18"
      }
    },
    "node_modules/@inquirer/input": {
      "version": "2.2.9",
      "resolved": "https://registry.npmjs.org/@inquirer/input/-/input-2.2.9.tgz",
      "integrity": "sha512-7Z6N+uzkWM7+xsE+3rJdhdG/+mQgejOVqspoW+w0AbSZnL6nq5tGMEVASaYVWbkoSzecABWwmludO2evU3d31g==",
      "dependencies": {
        "@inquirer/core": "^9.0.10",
        "@inquirer/type": "^1.5.2"
      },
      "engines": {
        "node": ">=18"
      }
    },
    "node_modules/@inquirer/number": {
      "version": "1.0.10",
      "resolved": "https://registry.npmjs.org/@inquirer/number/-/number-1.0.10.tgz",
      "integrity": "sha512-kWTxRF8zHjQOn2TJs+XttLioBih6bdc5CcosXIzZsrTY383PXI35DuhIllZKu7CdXFi2rz2BWPN9l0dPsvrQOA==",
      "dependencies": {
        "@inquirer/core": "^9.0.10",
        "@inquirer/type": "^1.5.2"
      },
      "engines": {
        "node": ">=18"
      }
    },
    "node_modules/@inquirer/password": {
      "version": "2.1.22",
      "resolved": "https://registry.npmjs.org/@inquirer/password/-/password-2.1.22.tgz",
      "integrity": "sha512-5Fxt1L9vh3rAKqjYwqsjU4DZsEvY/2Gll+QkqR4yEpy6wvzLxdSgFhUcxfDAOtO4BEoTreWoznC0phagwLU5Kw==",
      "dependencies": {
        "@inquirer/core": "^9.0.10",
        "@inquirer/type": "^1.5.2",
        "ansi-escapes": "^4.3.2"
      },
      "engines": {
        "node": ">=18"
      }
    },
    "node_modules/@inquirer/prompts": {
      "version": "5.3.8",
      "resolved": "https://registry.npmjs.org/@inquirer/prompts/-/prompts-5.3.8.tgz",
      "integrity": "sha512-b2BudQY/Si4Y2a0PdZZL6BeJtl8llgeZa7U2j47aaJSCeAl1e4UI7y8a9bSkO3o/ZbZrgT5muy/34JbsjfIWxA==",
      "dependencies": {
        "@inquirer/checkbox": "^2.4.7",
        "@inquirer/confirm": "^3.1.22",
        "@inquirer/editor": "^2.1.22",
        "@inquirer/expand": "^2.1.22",
        "@inquirer/input": "^2.2.9",
        "@inquirer/number": "^1.0.10",
        "@inquirer/password": "^2.1.22",
        "@inquirer/rawlist": "^2.2.4",
        "@inquirer/search": "^1.0.7",
        "@inquirer/select": "^2.4.7"
      },
      "engines": {
        "node": ">=18"
      }
    },
    "node_modules/@inquirer/rawlist": {
      "version": "2.2.4",
      "resolved": "https://registry.npmjs.org/@inquirer/rawlist/-/rawlist-2.2.4.tgz",
      "integrity": "sha512-pb6w9pWrm7EfnYDgQObOurh2d2YH07+eDo3xQBsNAM2GRhliz6wFXGi1thKQ4bN6B0xDd6C3tBsjdr3obsCl3Q==",
      "dependencies": {
        "@inquirer/core": "^9.0.10",
        "@inquirer/type": "^1.5.2",
        "yoctocolors-cjs": "^2.1.2"
      },
      "engines": {
        "node": ">=18"
      }
    },
    "node_modules/@inquirer/search": {
      "version": "1.0.7",
      "resolved": "https://registry.npmjs.org/@inquirer/search/-/search-1.0.7.tgz",
      "integrity": "sha512-p1wpV+3gd1eST/o5N3yQpYEdFNCzSP0Klrl+5bfD3cTTz8BGG6nf4Z07aBW0xjlKIj1Rp0y3x/X4cZYi6TfcLw==",
      "dependencies": {
        "@inquirer/core": "^9.0.10",
        "@inquirer/figures": "^1.0.5",
        "@inquirer/type": "^1.5.2",
        "yoctocolors-cjs": "^2.1.2"
      },
      "engines": {
        "node": ">=18"
      }
    },
    "node_modules/@inquirer/select": {
      "version": "2.4.7",
      "resolved": "https://registry.npmjs.org/@inquirer/select/-/select-2.4.7.tgz",
      "integrity": "sha512-JH7XqPEkBpNWp3gPCqWqY8ECbyMoFcCZANlL6pV9hf59qK6dGmkOlx1ydyhY+KZ0c5X74+W6Mtp+nm2QX0/MAQ==",
      "dependencies": {
        "@inquirer/core": "^9.0.10",
        "@inquirer/figures": "^1.0.5",
        "@inquirer/type": "^1.5.2",
        "ansi-escapes": "^4.3.2",
        "yoctocolors-cjs": "^2.1.2"
      },
      "engines": {
        "node": ">=18"
      }
    },
    "node_modules/@inquirer/type": {
      "version": "1.5.2",
      "resolved": "https://registry.npmjs.org/@inquirer/type/-/type-1.5.2.tgz",
      "integrity": "sha512-w9qFkumYDCNyDZmNQjf/n6qQuvQ4dMC3BJesY4oF+yr0CxR5vxujflAVeIcS6U336uzi9GM0kAfZlLrZ9UTkpA==",
      "dependencies": {
        "mute-stream": "^1.0.0"
      },
      "engines": {
        "node": ">=18"
      }
    },
    "node_modules/@types/mute-stream": {
      "version": "0.0.4",
      "resolved": "https://registry.npmjs.org/@types/mute-stream/-/mute-stream-0.0.4.tgz",
      "integrity": "sha512-CPM9nzrCPPJHQNA9keH9CVkVI+WR5kMa+7XEs5jcGQ0VoAGnLv242w8lIVgwAEfmE4oufJRaTc9PNLQl0ioAow==",
      "dependencies": {
        "@types/node": "*"
      }
    },
    "node_modules/@types/node": {
      "version": "22.2.0",
      "resolved": "https://registry.npmjs.org/@types/node/-/node-22.2.0.tgz",
      "integrity": "sha512-bm6EG6/pCpkxDf/0gDNDdtDILMOHgaQBVOJGdwsqClnxA3xL6jtMv76rLBc006RVMWbmaf0xbmom4Z/5o2nRkQ==",
      "dependencies": {
        "undici-types": "~6.13.0"
      }
    },
    "node_modules/@types/pg": {
      "version": "8.11.6",
      "resolved": "https://registry.npmjs.org/@types/pg/-/pg-8.11.6.tgz",
      "integrity": "sha512-/2WmmBXHLsfRqzfHW7BNZ8SbYzE8OSk7i3WjFYvfgRHj7S1xj+16Je5fUKv3lVdVzk/zn9TXOqf+avFCFIE0yQ==",
      "dev": true,
      "dependencies": {
        "@types/node": "*",
        "pg-protocol": "*",
        "pg-types": "^4.0.1"
      }
    },
    "node_modules/@types/pg/node_modules/pg-types": {
      "version": "4.0.2",
      "resolved": "https://registry.npmjs.org/pg-types/-/pg-types-4.0.2.tgz",
      "integrity": "sha512-cRL3JpS3lKMGsKaWndugWQoLOCoP+Cic8oseVcbr0qhPzYD5DWXK+RZ9LY9wxRf7RQia4SCwQlXk0q6FCPrVng==",
      "dev": true,
      "dependencies": {
        "pg-int8": "1.0.1",
        "pg-numeric": "1.0.2",
        "postgres-array": "~3.0.1",
        "postgres-bytea": "~3.0.0",
        "postgres-date": "~2.1.0",
        "postgres-interval": "^3.0.0",
        "postgres-range": "^1.1.1"
      },
      "engines": {
        "node": ">=10"
      }
    },
    "node_modules/@types/pg/node_modules/postgres-array": {
      "version": "3.0.2",
      "resolved": "https://registry.npmjs.org/postgres-array/-/postgres-array-3.0.2.tgz",
      "integrity": "sha512-6faShkdFugNQCLwucjPcY5ARoW1SlbnrZjmGl0IrrqewpvxvhSLHimCVzqeuULCbG0fQv7Dtk1yDbG3xv7Veog==",
      "dev": true,
      "engines": {
        "node": ">=12"
      }
    },
    "node_modules/@types/pg/node_modules/postgres-bytea": {
      "version": "3.0.0",
      "resolved": "https://registry.npmjs.org/postgres-bytea/-/postgres-bytea-3.0.0.tgz",
      "integrity": "sha512-CNd4jim9RFPkObHSjVHlVrxoVQXz7quwNFpz7RY1okNNme49+sVyiTvTRobiLV548Hx/hb1BG+iE7h9493WzFw==",
      "dev": true,
      "dependencies": {
        "obuf": "~1.1.2"
      },
      "engines": {
        "node": ">= 6"
      }
    },
    "node_modules/@types/pg/node_modules/postgres-date": {
      "version": "2.1.0",
      "resolved": "https://registry.npmjs.org/postgres-date/-/postgres-date-2.1.0.tgz",
      "integrity": "sha512-K7Juri8gtgXVcDfZttFKVmhglp7epKb1K4pgrkLxehjqkrgPhfG6OO8LHLkfaqkbpjNRnra018XwAr1yQFWGcA==",
      "dev": true,
      "engines": {
        "node": ">=12"
      }
    },
    "node_modules/@types/pg/node_modules/postgres-interval": {
      "version": "3.0.0",
      "resolved": "https://registry.npmjs.org/postgres-interval/-/postgres-interval-3.0.0.tgz",
      "integrity": "sha512-BSNDnbyZCXSxgA+1f5UU2GmwhoI0aU5yMxRGO8CdFEcY2BQF9xm/7MqKnYoM1nJDk8nONNWDk9WeSmePFhQdlw==",
      "dev": true,
      "engines": {
        "node": ">=12"
      }
    },
    "node_modules/@types/wrap-ansi": {
      "version": "3.0.0",
      "resolved": "https://registry.npmjs.org/@types/wrap-ansi/-/wrap-ansi-3.0.0.tgz",
      "integrity": "sha512-ltIpx+kM7g/MLRZfkbL7EsCEjfzCcScLpkg37eXEtx5kmrAKBkTJwd1GIAjDSL8wTpM6Hzn5YO4pSb91BEwu1g=="
    },
    "node_modules/ansi-escapes": {
      "version": "4.3.2",
      "resolved": "https://registry.npmjs.org/ansi-escapes/-/ansi-escapes-4.3.2.tgz",
      "integrity": "sha512-gKXj5ALrKWQLsYG9jlTRmR/xKluxHV+Z9QEwNIgCfM1/uwPMCuzVVnh5mwTd+OuBZcwSIMbqssNWRm1lE51QaQ==",
      "dependencies": {
        "type-fest": "^0.21.3"
      },
      "engines": {
        "node": ">=8"
      },
      "funding": {
        "url": "https://github.com/sponsors/sindresorhus"
      }
    },
    "node_modules/ansi-regex": {
      "version": "5.0.1",
      "resolved": "https://registry.npmjs.org/ansi-regex/-/ansi-regex-5.0.1.tgz",
      "integrity": "sha512-quJQXlTSUGL2LH9SUXo8VwsY4soanhgo6LNSm84E1LBcE8s3O0wpdiRzyR9z/ZZJMlMWv37qOOb9pdJlMUEKFQ==",
      "engines": {
        "node": ">=8"
      }
    },
    "node_modules/ansi-styles": {
      "version": "4.3.0",
      "resolved": "https://registry.npmjs.org/ansi-styles/-/ansi-styles-4.3.0.tgz",
      "integrity": "sha512-zbB9rCJAT1rbjiVDb2hqKFHNYLxgtk8NURxZ3IZwD3F6NtxbXZQCnnSi1Lkx+IDohdPlFp222wVALIheZJQSEg==",
      "dependencies": {
        "color-convert": "^2.0.1"
      },
      "engines": {
        "node": ">=8"
      },
      "funding": {
        "url": "https://github.com/chalk/ansi-styles?sponsor=1"
      }
    },
    "node_modules/chardet": {
      "version": "0.7.0",
      "resolved": "https://registry.npmjs.org/chardet/-/chardet-0.7.0.tgz",
      "integrity": "sha512-mT8iDcrh03qDGRRmoA2hmBJnxpllMR+0/0qlzjqZES6NdiWDcZkCNAk4rPFZ9Q85r27unkiNNg8ZOiwZXBHwcA=="
    },
    "node_modules/cli-spinners": {
      "version": "2.9.2",
      "resolved": "https://registry.npmjs.org/cli-spinners/-/cli-spinners-2.9.2.tgz",
      "integrity": "sha512-ywqV+5MmyL4E7ybXgKys4DugZbX0FC6LnwrhjuykIjnK9k8OQacQ7axGKnjDXWNhns0xot3bZI5h55H8yo9cJg==",
      "engines": {
        "node": ">=6"
      },
      "funding": {
        "url": "https://github.com/sponsors/sindresorhus"
      }
    },
    "node_modules/cli-width": {
      "version": "4.1.0",
      "resolved": "https://registry.npmjs.org/cli-width/-/cli-width-4.1.0.tgz",
      "integrity": "sha512-ouuZd4/dm2Sw5Gmqy6bGyNNNe1qt9RpmxveLSO7KcgsTnU7RXfsw+/bukWGo1abgBiMAic068rclZsO4IWmmxQ==",
      "engines": {
        "node": ">= 12"
      }
    },
    "node_modules/color-convert": {
      "version": "2.0.1",
      "resolved": "https://registry.npmjs.org/color-convert/-/color-convert-2.0.1.tgz",
      "integrity": "sha512-RRECPsj7iu/xb5oKYcsFHSppFNnsj/52OVTRKb4zP5onXwVF3zVmmToNcOfGC+CRDpfK/U584fMg38ZHCaElKQ==",
      "dependencies": {
        "color-name": "~1.1.4"
      },
      "engines": {
        "node": ">=7.0.0"
      }
    },
    "node_modules/color-name": {
      "version": "1.1.4",
      "resolved": "https://registry.npmjs.org/color-name/-/color-name-1.1.4.tgz",
      "integrity": "sha512-dOy+3AuW3a2wNbZHIuMZpTcgjGuLU/uBL/ubcZF9OXbDo8ff4O8yVp5Bf0efS8uEoYo5q4Fx7dY9OgQGXgAsQA=="
    },
    "node_modules/dotenv": {
      "version": "16.4.5",
      "resolved": "https://registry.npmjs.org/dotenv/-/dotenv-16.4.5.tgz",
      "integrity": "sha512-ZmdL2rui+eB2YwhsWzjInR8LldtZHGDoQ1ugH85ppHKwpUHL7j7rN0Ti9NCnGiQbhaZ11FpR+7ao1dNsmduNUg==",
      "engines": {
        "node": ">=12"
      },
      "funding": {
        "url": "https://dotenvx.com"
      }
    },
    "node_modules/emoji-regex": {
      "version": "8.0.0",
      "resolved": "https://registry.npmjs.org/emoji-regex/-/emoji-regex-8.0.0.tgz",
      "integrity": "sha512-MSjYzcWNOA0ewAHpz0MxpYFvwg6yjy1NG3xteoqz644VCo/RPgnr1/GGt+ic3iJTzQ8Eu3TdM14SawnVUmGE6A=="
    },
    "node_modules/external-editor": {
      "version": "3.1.0",
      "resolved": "https://registry.npmjs.org/external-editor/-/external-editor-3.1.0.tgz",
      "integrity": "sha512-hMQ4CX1p1izmuLYyZqLMO/qGNw10wSv9QDCPfzXfyFrOaCSSoRfqE1Kf1s5an66J5JZC62NewG+mK49jOCtQew==",
      "dependencies": {
        "chardet": "^0.7.0",
        "iconv-lite": "^0.4.24",
        "tmp": "^0.0.33"
      },
      "engines": {
        "node": ">=4"
      }
    },
    "node_modules/iconv-lite": {
      "version": "0.4.24",
      "resolved": "https://registry.npmjs.org/iconv-lite/-/iconv-lite-0.4.24.tgz",
      "integrity": "sha512-v3MXnZAcvnywkTUEZomIActle7RXXeedOR31wwl7VlyoXO4Qi9arvSenNQWne1TcRwhCL1HwLI21bEqdpj8/rA==",
      "dependencies": {
        "safer-buffer": ">= 2.1.2 < 3"
      },
      "engines": {
        "node": ">=0.10.0"
      }
    },
    "node_modules/inquirer": {
      "version": "10.1.8",
      "resolved": "https://registry.npmjs.org/inquirer/-/inquirer-10.1.8.tgz",
      "integrity": "sha512-syxGpOzLyqVeZi1KDBjRTnCn5PiGWySGHP0BbqXbqsEK0ckkZk3egAepEWslUjZXj0rhkUapVXM/IpADWe4D6w==",
      "dependencies": {
        "@inquirer/prompts": "^5.3.8",
        "@inquirer/type": "^1.5.2",
        "@types/mute-stream": "^0.0.4",
        "ansi-escapes": "^4.3.2",
        "mute-stream": "^1.0.0",
        "run-async": "^3.0.0",
        "rxjs": "^7.8.1"
      },
      "engines": {
        "node": ">=18"
      }
    },
    "node_modules/is-fullwidth-code-point": {
      "version": "3.0.0",
      "resolved": "https://registry.npmjs.org/is-fullwidth-code-point/-/is-fullwidth-code-point-3.0.0.tgz",
      "integrity": "sha512-zymm5+u+sCsSWyD9qNaejV3DFvhCKclKdizYaJUuHA83RLjb7nSuGnddCHGv0hk+KY7BMAlsWeK4Ueg6EV6XQg==",
      "engines": {
        "node": ">=8"
      }
    },
    "node_modules/mute-stream": {
      "version": "1.0.0",
      "resolved": "https://registry.npmjs.org/mute-stream/-/mute-stream-1.0.0.tgz",
      "integrity": "sha512-avsJQhyd+680gKXyG/sQc0nXaC6rBkPOfyHYcFb9+hdkqQkR9bdnkJ0AMZhke0oesPqIO+mFFJ+IdBc7mst4IA==",
      "engines": {
        "node": "^14.17.0 || ^16.13.0 || >=18.0.0"
      }
    },
    "node_modules/obuf": {
      "version": "1.1.2",
      "resolved": "https://registry.npmjs.org/obuf/-/obuf-1.1.2.tgz",
      "integrity": "sha512-PX1wu0AmAdPqOL1mWhqmlOd8kOIZQwGZw6rh7uby9fTc5lhaOWFLX3I6R1hrF9k3zUY40e6igsLGkDXK92LJNg==",
      "dev": true
    },
    "node_modules/os-tmpdir": {
      "version": "1.0.2",
      "resolved": "https://registry.npmjs.org/os-tmpdir/-/os-tmpdir-1.0.2.tgz",
      "integrity": "sha512-D2FR03Vir7FIu45XBY20mTb+/ZSWB00sjU9jdQXt83gDrI4Ztz5Fs7/yy74g2N5SVQY4xY1qDr4rNddwYRVX0g==",
      "engines": {
        "node": ">=0.10.0"
      }
    },
    "node_modules/pg": {
      "version": "8.12.0",
      "resolved": "https://registry.npmjs.org/pg/-/pg-8.12.0.tgz",
      "integrity": "sha512-A+LHUSnwnxrnL/tZ+OLfqR1SxLN3c/pgDztZ47Rpbsd4jUytsTtwQo/TLPRzPJMp/1pbhYVhH9cuSZLAajNfjQ==",
      "dependencies": {
        "pg-connection-string": "^2.6.4",
        "pg-pool": "^3.6.2",
        "pg-protocol": "^1.6.1",
        "pg-types": "^2.1.0",
        "pgpass": "1.x"
      },
      "engines": {
        "node": ">= 8.0.0"
      },
      "optionalDependencies": {
        "pg-cloudflare": "^1.1.1"
      },
      "peerDependencies": {
        "pg-native": ">=3.0.1"
      },
      "peerDependenciesMeta": {
        "pg-native": {
          "optional": true
        }
      }
    },
    "node_modules/pg-cloudflare": {
      "version": "1.1.1",
      "resolved": "https://registry.npmjs.org/pg-cloudflare/-/pg-cloudflare-1.1.1.tgz",
      "integrity": "sha512-xWPagP/4B6BgFO+EKz3JONXv3YDgvkbVrGw2mTo3D6tVDQRh1e7cqVGvyR3BE+eQgAvx1XhW/iEASj4/jCWl3Q==",
      "optional": true
    },
    "node_modules/pg-connection-string": {
      "version": "2.6.4",
      "resolved": "https://registry.npmjs.org/pg-connection-string/-/pg-connection-string-2.6.4.tgz",
      "integrity": "sha512-v+Z7W/0EO707aNMaAEfiGnGL9sxxumwLl2fJvCQtMn9Fxsg+lPpPkdcyBSv/KFgpGdYkMfn+EI1Or2EHjpgLCA=="
    },
    "node_modules/pg-int8": {
      "version": "1.0.1",
      "resolved": "https://registry.npmjs.org/pg-int8/-/pg-int8-1.0.1.tgz",
      "integrity": "sha512-WCtabS6t3c8SkpDBUlb1kjOs7l66xsGdKpIPZsg4wR+B3+u9UAum2odSsF9tnvxg80h4ZxLWMy4pRjOsFIqQpw==",
      "engines": {
        "node": ">=4.0.0"
      }
    },
    "node_modules/pg-numeric": {
      "version": "1.0.2",
      "resolved": "https://registry.npmjs.org/pg-numeric/-/pg-numeric-1.0.2.tgz",
      "integrity": "sha512-BM/Thnrw5jm2kKLE5uJkXqqExRUY/toLHda65XgFTBTFYZyopbKjBe29Ii3RbkvlsMoFwD+tHeGaCjjv0gHlyw==",
      "dev": true,
      "engines": {
        "node": ">=4"
      }
    },
    "node_modules/pg-pool": {
      "version": "3.6.2",
      "resolved": "https://registry.npmjs.org/pg-pool/-/pg-pool-3.6.2.tgz",
      "integrity": "sha512-Htjbg8BlwXqSBQ9V8Vjtc+vzf/6fVUuak/3/XXKA9oxZprwW3IMDQTGHP+KDmVL7rtd+R1QjbnCFPuTHm3G4hg==",
      "peerDependencies": {
        "pg": ">=8.0"
      }
    },
    "node_modules/pg-protocol": {
      "version": "1.6.1",
      "resolved": "https://registry.npmjs.org/pg-protocol/-/pg-protocol-1.6.1.tgz",
      "integrity": "sha512-jPIlvgoD63hrEuihvIg+tJhoGjUsLPn6poJY9N5CnlPd91c2T18T/9zBtLxZSb1EhYxBRoZJtzScCaWlYLtktg=="
    },
    "node_modules/pg-types": {
      "version": "2.2.0",
      "resolved": "https://registry.npmjs.org/pg-types/-/pg-types-2.2.0.tgz",
      "integrity": "sha512-qTAAlrEsl8s4OiEQY69wDvcMIdQN6wdz5ojQiOy6YRMuynxenON0O5oCpJI6lshc6scgAY8qvJ2On/p+CXY0GA==",
      "dependencies": {
        "pg-int8": "1.0.1",
        "postgres-array": "~2.0.0",
        "postgres-bytea": "~1.0.0",
        "postgres-date": "~1.0.4",
        "postgres-interval": "^1.1.0"
      },
      "engines": {
        "node": ">=4"
      }
    },
    "node_modules/pgpass": {
      "version": "1.0.5",
      "resolved": "https://registry.npmjs.org/pgpass/-/pgpass-1.0.5.tgz",
      "integrity": "sha512-FdW9r/jQZhSeohs1Z3sI1yxFQNFvMcnmfuj4WBMUTxOrAyLMaTcE1aAMBiTlbMNaXvBCQuVi0R7hd8udDSP7ug==",
      "dependencies": {
        "split2": "^4.1.0"
      }
    },
    "node_modules/postgres-array": {
      "version": "2.0.0",
      "resolved": "https://registry.npmjs.org/postgres-array/-/postgres-array-2.0.0.tgz",
      "integrity": "sha512-VpZrUqU5A69eQyW2c5CA1jtLecCsN2U/bD6VilrFDWq5+5UIEVO7nazS3TEcHf1zuPYO/sqGvUvW62g86RXZuA==",
      "engines": {
        "node": ">=4"
      }
    },
    "node_modules/postgres-bytea": {
      "version": "1.0.0",
      "resolved": "https://registry.npmjs.org/postgres-bytea/-/postgres-bytea-1.0.0.tgz",
      "integrity": "sha512-xy3pmLuQqRBZBXDULy7KbaitYqLcmxigw14Q5sj8QBVLqEwXfeybIKVWiqAXTlcvdvb0+xkOtDbfQMOf4lST1w==",
      "engines": {
        "node": ">=0.10.0"
      }
    },
    "node_modules/postgres-date": {
      "version": "1.0.7",
      "resolved": "https://registry.npmjs.org/postgres-date/-/postgres-date-1.0.7.tgz",
      "integrity": "sha512-suDmjLVQg78nMK2UZ454hAG+OAW+HQPZ6n++TNDUX+L0+uUlLywnoxJKDou51Zm+zTCjrCl0Nq6J9C5hP9vK/Q==",
      "engines": {
        "node": ">=0.10.0"
      }
    },
    "node_modules/postgres-interval": {
      "version": "1.2.0",
      "resolved": "https://registry.npmjs.org/postgres-interval/-/postgres-interval-1.2.0.tgz",
      "integrity": "sha512-9ZhXKM/rw350N1ovuWHbGxnGh/SNJ4cnxHiM0rxE4VN41wsg8P8zWn9hv/buK00RP4WvlOyr/RBDiptyxVbkZQ==",
      "dependencies": {
        "xtend": "^4.0.0"
      },
      "engines": {
        "node": ">=0.10.0"
      }
    },
    "node_modules/postgres-range": {
      "version": "1.1.4",
      "resolved": "https://registry.npmjs.org/postgres-range/-/postgres-range-1.1.4.tgz",
      "integrity": "sha512-i/hbxIE9803Alj/6ytL7UHQxRvZkI9O4Sy+J3HGc4F4oo/2eQAjTSNJ0bfxyse3bH0nuVesCk+3IRLaMtG3H6w==",
      "dev": true
    },
    "node_modules/run-async": {
      "version": "3.0.0",
      "resolved": "https://registry.npmjs.org/run-async/-/run-async-3.0.0.tgz",
      "integrity": "sha512-540WwVDOMxA6dN6We19EcT9sc3hkXPw5mzRNGM3FkdN/vtE9NFvj5lFAPNwUDmJjXidm3v7TC1cTE7t17Ulm1Q==",
      "engines": {
        "node": ">=0.12.0"
      }
    },
    "node_modules/rxjs": {
      "version": "7.8.1",
      "resolved": "https://registry.npmjs.org/rxjs/-/rxjs-7.8.1.tgz",
      "integrity": "sha512-AA3TVj+0A2iuIoQkWEK/tqFjBq2j+6PO6Y0zJcvzLAFhEFIO3HL0vls9hWLncZbAAbK0mar7oZ4V079I/qPMxg==",
      "dependencies": {
        "tslib": "^2.1.0"
      }
    },
    "node_modules/safer-buffer": {
      "version": "2.1.2",
      "resolved": "https://registry.npmjs.org/safer-buffer/-/safer-buffer-2.1.2.tgz",
      "integrity": "sha512-YZo3K82SD7Riyi0E1EQPojLz7kpepnSQI9IyPbHHg1XXXevb5dJI7tpyN2ADxGcQbHG7vcyRHk0cbwqcQriUtg=="
    },
    "node_modules/signal-exit": {
      "version": "4.1.0",
      "resolved": "https://registry.npmjs.org/signal-exit/-/signal-exit-4.1.0.tgz",
      "integrity": "sha512-bzyZ1e88w9O1iNJbKnOlvYTrWPDl46O1bG0D3XInv+9tkPrxrN8jUUTiFlDkkmKWgn1M6CfIA13SuGqOa9Korw==",
      "engines": {
        "node": ">=14"
      },
      "funding": {
        "url": "https://github.com/sponsors/isaacs"
      }
    },
    "node_modules/split2": {
      "version": "4.2.0",
      "resolved": "https://registry.npmjs.org/split2/-/split2-4.2.0.tgz",
      "integrity": "sha512-UcjcJOWknrNkF6PLX83qcHM6KHgVKNkV62Y8a5uYDVv9ydGQVwAHMKqHdJje1VTWpljG0WYpCDhrCdAOYH4TWg==",
      "engines": {
        "node": ">= 10.x"
      }
    },
    "node_modules/string-width": {
      "version": "4.2.3",
      "resolved": "https://registry.npmjs.org/string-width/-/string-width-4.2.3.tgz",
      "integrity": "sha512-wKyQRQpjJ0sIp62ErSZdGsjMJWsap5oRNihHhu6G7JVO/9jIB6UyevL+tXuOqrng8j/cxKTWyWUwvSTriiZz/g==",
      "dependencies": {
        "emoji-regex": "^8.0.0",
        "is-fullwidth-code-point": "^3.0.0",
        "strip-ansi": "^6.0.1"
      },
      "engines": {
        "node": ">=8"
      }
    },
    "node_modules/strip-ansi": {
      "version": "6.0.1",
      "resolved": "https://registry.npmjs.org/strip-ansi/-/strip-ansi-6.0.1.tgz",
      "integrity": "sha512-Y38VPSHcqkFrCpFnQ9vuSXmquuv5oXOKpGeT6aGrr3o3Gc9AlVa6JBfUSOCnbxGGZF+/0ooI7KrPuUSztUdU5A==",
      "dependencies": {
        "ansi-regex": "^5.0.1"
      },
      "engines": {
        "node": ">=8"
      }
    },
    "node_modules/tmp": {
      "version": "0.0.33",
      "resolved": "https://registry.npmjs.org/tmp/-/tmp-0.0.33.tgz",
      "integrity": "sha512-jRCJlojKnZ3addtTOjdIqoRuPEKBvNXcGYqzO6zWZX8KfKEpnGY5jfggJQ3EjKuu8D4bJRr0y+cYJFmYbImXGw==",
      "dependencies": {
        "os-tmpdir": "~1.0.2"
      },
      "engines": {
        "node": ">=0.6.0"
      }
    },
    "node_modules/tslib": {
      "version": "2.6.3",
      "resolved": "https://registry.npmjs.org/tslib/-/tslib-2.6.3.tgz",
      "integrity": "sha512-xNvxJEOUiWPGhUuUdQgAJPKOOJfGnIyKySOc09XkKsgdUV/3E2zvwZYdejjmRgPCgcym1juLH3226yA7sEFJKQ=="
    },
    "node_modules/type-fest": {
      "version": "0.21.3",
      "resolved": "https://registry.npmjs.org/type-fest/-/type-fest-0.21.3.tgz",
      "integrity": "sha512-t0rzBq87m3fVcduHDUFhKmyyX+9eo6WQjZvf51Ea/M0Q7+T374Jp1aUiyUl0GKxp8M/OETVHSDvmkyPgvX+X2w==",
      "engines": {
        "node": ">=10"
      },
      "funding": {
        "url": "https://github.com/sponsors/sindresorhus"
      }
    },
    "node_modules/undici-types": {
      "version": "6.13.0",
      "resolved": "https://registry.npmjs.org/undici-types/-/undici-types-6.13.0.tgz",
      "integrity": "sha512-xtFJHudx8S2DSoujjMd1WeWvn7KKWFRESZTMeL1RptAYERu29D6jphMjjY+vn96jvN3kVPDNxU/E13VTaXj6jg=="
    },
    "node_modules/wrap-ansi": {
      "version": "6.2.0",
      "resolved": "https://registry.npmjs.org/wrap-ansi/-/wrap-ansi-6.2.0.tgz",
      "integrity": "sha512-r6lPcBGxZXlIcymEu7InxDMhdW0KDxpLgoFLcguasxCaJ/SOIZwINatK9KY/tf+ZrlywOKU0UDj3ATXUBfxJXA==",
      "dependencies": {
        "ansi-styles": "^4.0.0",
        "string-width": "^4.1.0",
        "strip-ansi": "^6.0.0"
      },
      "engines": {
        "node": ">=8"
      }
    },
    "node_modules/xtend": {
      "version": "4.0.2",
      "resolved": "https://registry.npmjs.org/xtend/-/xtend-4.0.2.tgz",
      "integrity": "sha512-LKYU1iAXJXUgAXn9URjiu+MWhyUXHsvfp7mcuYm9dSUKK0/CjtrUwFAxD82/mCWbtLsGjFIad0wIsod4zrTAEQ==",
      "engines": {
        "node": ">=0.4"
      }
    },
    "node_modules/yoctocolors-cjs": {
      "version": "2.1.2",
      "resolved": "https://registry.npmjs.org/yoctocolors-cjs/-/yoctocolors-cjs-2.1.2.tgz",
      "integrity": "sha512-cYVsTjKl8b+FrnidjibDWskAv7UKOfcwaVZdp/it9n1s9fU3IkgDbhdIRKCW4JDsAlECJY0ytoVPT3sK6kideA==",
      "engines": {
        "node": ">=18"
      },
      "funding": {
        "url": "https://github.com/sponsors/sindresorhus"
      }
    }
  }
}
